
Microsoft Visual Studio Solution File, Format Version 12.00
# Visual Studio Version 16
VisualStudioVersion = 16.0.31105.61
MinimumVisualStudioVersion = 10.0.40219.1
Project("{FAE04EC0-301F-11D3-BF4B-00C04F79EFBC}") = "WPF.NET5DIAndConfiguration", "WPF.NET5DIAndConfiguration\WPF.NET5DIAndConfiguration.csproj", "{7DBB9D99-E8C4-4880-A54B-1C753D72C6F3}"
EndProject
Global
	GlobalSection(SolutionConfigurationPlatforms) = preSolution
		Debug|Any CPU = Debug|Any CPU
		Release|Any CPU = Release|Any CPU
	EndGlobalSection
	GlobalSection(ProjectConfigurationPlatforms) = postSolution
		{7DBB9D99-E8C4-4880-A54B-1C753D72C6F3}.Debug|Any CPU.ActiveCfg = Debug|Any CPU
		{7DBB9D99-E8C4-4880-A54B-1C753D72C6F3}.Debug|Any CPU.Build.0 = Debug|Any CPU
		{7DBB9D99-E8C4-4880-A54B-1C753D72C6F3}.Release|Any CPU.ActiveCfg = Release|Any CPU
		{7DBB9D99-E8C4-4880-A54B-1C753D72C6F3}.Release|Any CPU.Build.0 = Release|Any CPU
	EndGlobalSection
	GlobalSection(SolutionProperties) = preSolution
		HideSolutionNode = FALSE
	EndGlobalSection
	GlobalSection(ExtensibilityGlobals) = postSolution
		SolutionGuid = {E82F9270-54B3-4E3F-9D5A-41FCBB93469E}
	EndGlobalSection
EndGlobal
